Microsoft Visual Studio Solution File, Format Version 12.00
# Visual Studio Version 16
VisualStudioVersion = 16.0.28803.202
MinimumVisualStudioVersion = 10.0.40219.1
Project("{2150E333-8FDC-42A3-9474-1A3956D46DE8}") = "test", "test", "{14D855C2-3B75-4382-9A7A-618DB467EDF4}"
EndProject
Project("{FAE04EC0-301F-11D3-BF4B-00C04F79EFBC}") = "CtGrpc.Consul.Net45.Test", "test\CtGrpc.Consul.Net45.Test\CtGrpc.Consul.Net45.Test.csproj", "{0A8DA5B4-E146-4CFA-984D-10526111DFDC}"
EndProject
Project("{9A19103F-16F7-4668-BE54-9A1E7A4F7556}") = "CtGrpc.Consul.NETCORE.Test", "test\CtGrpc.Consul.NETCORE.Test\CtGrpc.Consul.NETCORE.Test.csproj", "{6966A1D6-551D-4E25-AFBE-646758AF59CF}"
EndProject
Project("{9A19103F-16F7-4668-BE54-9A1E7A4F7556}") = "CtGrpcServer.Test", "test\CtGrpcServer.Test\CtGrpcServer.Test.csproj", "{B3CD2576-2D09-4BF6-AB95-44CDEF2EED2F}"
EndProject
Project("{9A19103F-16F7-4668-BE54-9A1E7A4F7556}") = "CtGrpc.Proto", "test\CtGrpc.Proto\CtGrpc.Proto.csproj", "{FB1E1EFC-77DA-4A50-B8AB-5B16367CC417}"
EndProject
Project("{9A19103F-16F7-4668-BE54-9A1E7A4F7556}") = "CtGrpc.Extensions.Consul", "src\CtGrpc.Extensions.Consul\CtGrpc.Extensions.Consul.csproj", "{313CADCE-6708-43F9-B41E-68D87016189C}"
EndProject
Project("{9A19103F-16F7-4668-BE54-9A1E7A4F7556}") = "WebTest", "test\WebTest\WebTest.csproj", "{ADE5F12D-95D2-4709-9762-2AD116773C76}"
EndProject
Project("{FAE04EC0-301F-11D3-BF4B-00C04F79EFBC}") = "WebNet45Test", "test\WebNet45Test\WebNet45Test.csproj", "{1062D816-E5EB-4A69-8AD9-684F40431BEA}"
EndProject
Project("{2150E333-8FDC-42A3-9474-1A3956D46DE8}") = "src", "src", "{CCEF0E21-0D90-4ECE-8582-EF50FA986B78}"
EndProject
Project("{9A19103F-16F7-4668-BE54-9A1E7A4F7556}") = "Xye.Grpc.Consul", "src\Xye.Grpc.Consul\Xye.Grpc.Consul.csproj", "{2C64A544-38FF-4482-A185-509E70A10701}"
EndProject
Project("{FAE04EC0-301F-11D3-BF4B-00C04F79EFBC}") = "Xye.Grpc.Consul.Net45.Test", "test\Xye.Grpc.Consul.Net45.Test\Xye.Grpc.Consul.Net45.Test.csproj", "{35223F3B-C563-451E-92C7-30232965F1EB}"
EndProject
Project("{9A19103F-16F7-4668-BE54-9A1E7A4F7556}") = "Xye.Grpc.Proto", "test\Xye.Grpc.Proto\Xye.Grpc.Proto.csproj", "{B49ED586-59F1-43A5-8325-630E7922ED2F}"
EndProject
Project("{9A19103F-16F7-4668-BE54-9A1E7A4F7556}") = "Xye.Grpc.Consul.NETCORE.Test", "test\Xye.Grpc.Consul.NETCORE.Test\Xye.Grpc.Consul.NETCORE.Test.csproj", "{8A1B1BB1-DBD4-4A62-818D-4F6722B8BB02}"
EndProject
Global
	GlobalSection(SolutionConfigurationPlatforms) = preSolution
		Debug|Any CPU = Debug|Any CPU
		Release|Any CPU = Release|Any CPU
	EndGlobalSection
	GlobalSection(ProjectConfigurationPlatforms) = postSolution
		{0A8DA5B4-E146-4CFA-984D-10526111DFDC}.Debug|Any CPU.ActiveCfg = Debug|Any CPU
		{0A8DA5B4-E146-4CFA-984D-10526111DFDC}.Debug|Any CPU.Build.0 = Debug|Any CPU
		{0A8DA5B4-E146-4CFA-984D-10526111DFDC}.Release|Any CPU.ActiveCfg = Release|Any CPU
		{0A8DA5B4-E146-4CFA-984D-10526111DFDC}.Release|Any CPU.Build.0 = Release|Any CPU
		{6966A1D6-551D-4E25-AFBE-646758AF59CF}.Debug|Any CPU.ActiveCfg = Debug|Any CPU
		{6966A1D6-551D-4E25-AFBE-646758AF59CF}.Debug|Any CPU.Build.0 = Debug|Any CPU
		{6966A1D6-551D-4E25-AFBE-646758AF59CF}.Release|Any CPU.ActiveCfg = Release|Any CPU
		{6966A1D6-551D-4E25-AFBE-646758AF59CF}.Release|Any CPU.Build.0 = Release|Any CPU
		{B3CD2576-2D09-4BF6-AB95-44CDEF2EED2F}.Debug|Any CPU.ActiveCfg = Debug|Any CPU
		{B3CD2576-2D09-4BF6-AB95-44CDEF2EED2F}.Debug|Any CPU.Build.0 = Debug|Any CPU
		{B3CD2576-2D09-4BF6-AB95-44CDEF2EED2F}.Release|Any CPU.ActiveCfg = Release|Any CPU
		{B3CD2576-2D09-4BF6-AB95-44CDEF2EED2F}.Release|Any CPU.Build.0 = Release|Any CPU
		{FB1E1EFC-77DA-4A50-B8AB-5B16367CC417}.Debug|Any CPU.ActiveCfg = Debug|Any CPU
		{FB1E1EFC-77DA-4A50-B8AB-5B16367CC417}.Debug|Any CPU.Build.0 = Debug|Any CPU
		{FB1E1EFC-77DA-4A50-B8AB-5B16367CC417}.Release|Any CPU.ActiveCfg = Release|Any CPU
		{FB1E1EFC-77DA-4A50-B8AB-5B16367CC417}.Release|Any CPU.Build.0 = Release|Any CPU
		{313CADCE-6708-43F9-B41E-68D87016189C}.Debug|Any CPU.ActiveCfg = Debug|Any CPU
		{313CADCE-6708-43F9-B41E-68D87016189C}.Debug|Any CPU.Build.0 = Debug|Any CPU
		{313CADCE-6708-43F9-B41E-68D87016189C}.Release|Any CPU.ActiveCfg = Release|Any CPU
		{313CADCE-6708-43F9-B41E-68D87016189C}.Release|Any CPU.Build.0 = Release|Any CPU
		{ADE5F12D-95D2-4709-9762-2AD116773C76}.Debug|Any CPU.ActiveCfg = Debug|Any CPU
		{ADE5F12D-95D2-4709-9762-2AD116773C76}.Debug|Any CPU.Build.0 = Debug|Any CPU
		{ADE5F12D-95D2-4709-9762-2AD116773C76}.Release|Any CPU.ActiveCfg = Release|Any CPU
		{ADE5F12D-95D2-4709-9762-2AD116773C76}.Release|Any CPU.Build.0 = Release|Any CPU
		{1062D816-E5EB-4A69-8AD9-684F40431BEA}.Debug|Any CPU.ActiveCfg = Debug|Any CPU
		{1062D816-E5EB-4A69-8AD9-684F40431BEA}.Debug|Any CPU.Build.0 = Debug|Any CPU
		{1062D816-E5EB-4A69-8AD9-684F40431BEA}.Release|Any CPU.ActiveCfg = Release|Any CPU
		{1062D816-E5EB-4A69-8AD9-684F40431BEA}.Release|Any CPU.Build.0 = Release|Any CPU
		{2C64A544-38FF-4482-A185-509E70A10701}.Debug|Any CPU.ActiveCfg = Debug|Any CPU
		{2C64A544-38FF-4482-A185-509E70A10701}.Debug|Any CPU.Build.0 = Debug|Any CPU
		{2C64A544-38FF-4482-A185-509E70A10701}.Release|Any CPU.ActiveCfg = Release|Any CPU
		{2C64A544-38FF-4482-A185-509E70A10701}.Release|Any CPU.Build.0 = Release|Any CPU
		{35223F3B-C563-451E-92C7-30232965F1EB}.Debug|Any CPU.ActiveCfg = Debug|Any CPU
		{35223F3B-C563-451E-92C7-30232965F1EB}.Debug|Any CPU.Build.0 = Debug|Any CPU
		{35223F3B-C563-451E-92C7-30232965F1EB}.Release|Any CPU.ActiveCfg = Release|Any CPU
		{35223F3B-C563-451E-92C7-30232965F1EB}.Release|Any CPU.Build.0 = Release|Any CPU
		{B49ED586-59F1-43A5-8325-630E7922ED2F}.Debug|Any CPU.ActiveCfg = Debug|Any CPU
		{B49ED586-59F1-43A5-8325-630E7922ED2F}.Debug|Any CPU.Build.0 = Debug|Any CPU
		{B49ED586-59F1-43A5-8325-630E7922ED2F}.Release|Any CPU.ActiveCfg = Release|Any CPU
		{B49ED586-59F1-43A5-8325-630E7922ED2F}.Release|Any CPU.Build.0 = Release|Any CPU
		{8A1B1BB1-DBD4-4A62-818D-4F6722B8BB02}.Debug|Any CPU.ActiveCfg = Debug|Any CPU
		{8A1B1BB1-DBD4-4A62-818D-4F6722B8BB02}.Debug|Any CPU.Build.0 = Debug|Any CPU
		{8A1B1BB1-DBD4-4A62-818D-4F6722B8BB02}.Release|Any CPU.ActiveCfg = Release|Any CPU
		{8A1B1BB1-DBD4-4A62-818D-4F6722B8BB02}.Release|Any CPU.Build.0 = Release|Any CPU
	EndGlobalSection
	GlobalSection(SolutionProperties) = preSolution
		HideSolutionNode = FALSE
	EndGlobalSection
	GlobalSection(NestedProjects) = preSolution
		{0A8DA5B4-E146-4CFA-984D-10526111DFDC} = {14D855C2-3B75-4382-9A7A-618DB467EDF4}
		{6966A1D6-551D-4E25-AFBE-646758AF59CF} = {14D855C2-3B75-4382-9A7A-618DB467EDF4}
		{B3CD2576-2D09-4BF6-AB95-44CDEF2EED2F} = {14D855C2-3B75-4382-9A7A-618DB467EDF4}
		{FB1E1EFC-77DA-4A50-B8AB-5B16367CC417} = {14D855C2-3B75-4382-9A7A-618DB467EDF4}
		{313CADCE-6708-43F9-B41E-68D87016189C} = {CCEF0E21-0D90-4ECE-8582-EF50FA986B78}
		{ADE5F12D-95D2-4709-9762-2AD116773C76} = {14D855C2-3B75-4382-9A7A-618DB467EDF4}
		{1062D816-E5EB-4A69-8AD9-684F40431BEA} = {14D855C2-3B75-4382-9A7A-618DB467EDF4}
		{2C64A544-38FF-4482-A185-509E70A10701} = {CCEF0E21-0D90-4ECE-8582-EF50FA986B78}
		{35223F3B-C563-451E-92C7-30232965F1EB} = {14D855C2-3B75-4382-9A7A-618DB467EDF4}
		{B49ED586-59F1-43A5-8325-630E7922ED2F} = {14D855C2-3B75-4382-9A7A-618DB467EDF4}
		{8A1B1BB1-DBD4-4A62-818D-4F6722B8BB02} = {14D855C2-3B75-4382-9A7A-618DB467EDF4}
	EndGlobalSection
	GlobalSection(ExtensibilityGlobals) = postSolution
		SolutionGuid = {2E43FEE9-EE1C-4D03-B092-10625603D97F}
	EndGlobalSection
EndGlobal
